
Microsoft Visual Studio Solution File, Format Version 12.00
# Visual Studio Version 17
VisualStudioVersion = 17.0.32126.317
MinimumVisualStudioVersion = 10.0.40219.1
Project("{2150E333-8FDC-42A3-9474-1A3956D46DE8}") = "00.Framework", "00.Framework", "{2EDAB2AA-6836-41AD-9EB3-B4CD569893FB}"
EndProject
Project("{9A19103F-16F7-4668-BE54-9A1E7A4F7556}") = "BL.Framework.Persistence.EntityFrameworkCore", "00.Framework\BL.Framework.Persistence.EntityFrameworkCore\BL.Framework.Persistence.EntityFrameworkCore.csproj", "{0AE92882-C013-41B4-96D8-BE5A9793DBC8}"
EndProject
Project("{9A19103F-16F7-4668-BE54-9A1E7A4F7556}") = "BL.Framework", "00.Framework\BL.Framework\BL.Framework.csproj", "{93B7C05D-0E5F-4F84-BC98-B67942E09D8E}"
EndProject
Project("{9A19103F-16F7-4668-BE54-9A1E7A4F7556}") = "BL.Framework.Core", "00.Framework\BL.Framework.Core\BL.Framework.Core.csproj", "{38BCFC38-8963-49C3-8934-2DC43CA4F1BE}"
EndProject
Project("{2150E333-8FDC-42A3-9474-1A3956D46DE8}") = "01.Services", "01.Services", "{C72598F6-AF10-48B6-AB93-9EE8F13A2145}"
EndProject
Project("{2150E333-8FDC-42A3-9474-1A3956D46DE8}") = "Test", "Test", "{AF8F079E-E5E0-4AAE-B5EF-065BC120C05B}"
EndProject
Project("{9A19103F-16F7-4668-BE54-9A1E7A4F7556}") = "BL.Test.Domain", "01.Services\Test\BL.Test.Domain\BL.Test.Domain.csproj", "{CC1B24D1-D151-4173-836F-A28F55BB7B48}"
EndProject
Project("{9A19103F-16F7-4668-BE54-9A1E7A4F7556}") = "BL.Test.ApplicationServices", "01.Services\Test\BL.Test.ApplicationServices\BL.Test.ApplicationServices.csproj", "{AEF77B93-8AD3-4B13-AFB4-2217D905861E}"
EndProject
Project("{9A19103F-16F7-4668-BE54-9A1E7A4F7556}") = "BL.Test.Infrastructure", "01.Services\Test\BL.Test.Infrastructure\BL.Test.Infrastructure.csproj", "{BC54ABF5-77CB-4663-AEC8-3D49F03079F9}"
EndProject
Project("{9A19103F-16F7-4668-BE54-9A1E7A4F7556}") = "BL.Test", "01.Services\Test\BL.Test\BL.Test.csproj", "{05EEAF30-545F-4521-A4E6-73B3C96F037B}"
EndProject
Project("{E53339B2-1760-4266-BCC7-CA923CBCF16C}") = "docker-compose", "docker-compose.dcproj", "{11F934FC-EF79-4E3F-9483-573B7653D783}"
EndProject
Project("{2150E333-8FDC-42A3-9474-1A3956D46DE8}") = "Test1", "Test1", "{81AC3712-8649-413F-9246-0B7B999F1A0E}"
EndProject
Project("{9A19103F-16F7-4668-BE54-9A1E7A4F7556}") = "BL.Test1.Domain", "01.Services\Test1\BL.Test1.Domain\BL.Test1.Domain.csproj", "{02840CE5-3A2B-4DD3-A50F-8D9B9399B5DF}"
EndProject
Project("{9A19103F-16F7-4668-BE54-9A1E7A4F7556}") = "BL.Test1.ApplicationServices", "01.Services\Test1\BL.Test1.ApplicationServices\BL.Test1.ApplicationServices.csproj", "{4B88E449-00CB-4F78-996D-C3233F673464}"
EndProject
Project("{9A19103F-16F7-4668-BE54-9A1E7A4F7556}") = "BL.Test1.Infrastructure", "01.Services\Test1\BL.Test1.Infrastructure\BL.Test1.Infrastructure.csproj", "{5090AFC6-9822-443F-AA97-AA8F72025363}"
EndProject
Project("{9A19103F-16F7-4668-BE54-9A1E7A4F7556}") = "BL.Test1", "01.Services\Test1\BL.Test1\BL.Test1.csproj", "{B3BB9AB7-E01A-4035-8E09-115AA9BE47E4}"
EndProject
Project("{9A19103F-16F7-4668-BE54-9A1E7A4F7556}") = "BL.Framework.Persistence.MongoDB", "00.Framework\BL.Framework.Persistence.MongoDB\BL.Framework.Persistence.MongoDB.csproj", "{30DE474B-C593-46F9-8947-A80C5E8892AD}"
EndProject
Project("{2150E333-8FDC-42A3-9474-1A3956D46DE8}") = "Files", "Files", "{91A9F5B2-1427-4037-B23B-60434DC0A9AF}"
EndProject
Project("{2150E333-8FDC-42A3-9474-1A3956D46DE8}") = "Prometheus", "Prometheus", "{E845F85C-A2FA-4501-B00A-1FFA6141FB60}"
	ProjectSection(SolutionItems) = preProject
		Files\Prometheus\prometheus.yml = Files\Prometheus\prometheus.yml
	EndProjectSection
EndProject
Project("{2150E333-8FDC-42A3-9474-1A3956D46DE8}") = "Envoy", "Envoy", "{0CE95B11-5BFB-4AE7-A2FE-D0F902A84500}"
	ProjectSection(SolutionItems) = preProject
		Files\Envoy\bonnyland.crt = Files\Envoy\bonnyland.crt
		Files\Envoy\bonnyland.key = Files\Envoy\bonnyland.key
		Files\Envoy\bonnyland.pem = Files\Envoy\bonnyland.pem
		Files\Envoy\envoy.yaml = Files\Envoy\envoy.yaml
	EndProjectSection
EndProject
Global
	GlobalSection(SolutionConfigurationPlatforms) = preSolution
		Debug|Any CPU = Debug|Any CPU
		Release|Any CPU = Release|Any CPU
	EndGlobalSection
	GlobalSection(ProjectConfigurationPlatforms) = postSolution
		{0AE92882-C013-41B4-96D8-BE5A9793DBC8}.Debug|Any CPU.ActiveCfg = Debug|Any CPU
		{0AE92882-C013-41B4-96D8-BE5A9793DBC8}.Debug|Any CPU.Build.0 = Debug|Any CPU
		{0AE92882-C013-41B4-96D8-BE5A9793DBC8}.Release|Any CPU.ActiveCfg = Release|Any CPU
		{0AE92882-C013-41B4-96D8-BE5A9793DBC8}.Release|Any CPU.Build.0 = Release|Any CPU
		{93B7C05D-0E5F-4F84-BC98-B67942E09D8E}.Debug|Any CPU.ActiveCfg = Debug|Any CPU
		{93B7C05D-0E5F-4F84-BC98-B67942E09D8E}.Debug|Any CPU.Build.0 = Debug|Any CPU
		{93B7C05D-0E5F-4F84-BC98-B67942E09D8E}.Release|Any CPU.ActiveCfg = Release|Any CPU
		{93B7C05D-0E5F-4F84-BC98-B67942E09D8E}.Release|Any CPU.Build.0 = Release|Any CPU
		{38BCFC38-8963-49C3-8934-2DC43CA4F1BE}.Debug|Any CPU.ActiveCfg = Debug|Any CPU
		{38BCFC38-8963-49C3-8934-2DC43CA4F1BE}.Debug|Any CPU.Build.0 = Debug|Any CPU
		{38BCFC38-8963-49C3-8934-2DC43CA4F1BE}.Release|Any CPU.ActiveCfg = Release|Any CPU
		{38BCFC38-8963-49C3-8934-2DC43CA4F1BE}.Release|Any CPU.Build.0 = Release|Any CPU
		{CC1B24D1-D151-4173-836F-A28F55BB7B48}.Debug|Any CPU.ActiveCfg = Debug|Any CPU
		{CC1B24D1-D151-4173-836F-A28F55BB7B48}.Debug|Any CPU.Build.0 = Debug|Any CPU
		{CC1B24D1-D151-4173-836F-A28F55BB7B48}.Release|Any CPU.ActiveCfg = Release|Any CPU
		{CC1B24D1-D151-4173-836F-A28F55BB7B48}.Release|Any CPU.Build.0 = Release|Any CPU
		{AEF77B93-8AD3-4B13-AFB4-2217D905861E}.Debug|Any CPU.ActiveCfg = Debug|Any CPU
		{AEF77B93-8AD3-4B13-AFB4-2217D905861E}.Debug|Any CPU.Build.0 = Debug|Any CPU
		{AEF77B93-8AD3-4B13-AFB4-2217D905861E}.Release|Any CPU.ActiveCfg = Release|Any CPU
		{AEF77B93-8AD3-4B13-AFB4-2217D905861E}.Release|Any CPU.Build.0 = Release|Any CPU
		{BC54ABF5-77CB-4663-AEC8-3D49F03079F9}.Debug|Any CPU.ActiveCfg = Debug|Any CPU
		{BC54ABF5-77CB-4663-AEC8-3D49F03079F9}.Debug|Any CPU.Build.0 = Debug|Any CPU
		{BC54ABF5-77CB-4663-AEC8-3D49F03079F9}.Release|Any CPU.ActiveCfg = Release|Any CPU
		{BC54ABF5-77CB-4663-AEC8-3D49F03079F9}.Release|Any CPU.Build.0 = Release|Any CPU
		{05EEAF30-545F-4521-A4E6-73B3C96F037B}.Debug|Any CPU.ActiveCfg = Debug|Any CPU
		{05EEAF30-545F-4521-A4E6-73B3C96F037B}.Debug|Any CPU.Build.0 = Debug|Any CPU
		{05EEAF30-545F-4521-A4E6-73B3C96F037B}.Release|Any CPU.ActiveCfg = Release|Any CPU
		{05EEAF30-545F-4521-A4E6-73B3C96F037B}.Release|Any CPU.Build.0 = Release|Any CPU
		{11F934FC-EF79-4E3F-9483-573B7653D783}.Debug|Any CPU.ActiveCfg = Debug|Any CPU
		{11F934FC-EF79-4E3F-9483-573B7653D783}.Debug|Any CPU.Build.0 = Debug|Any CPU
		{11F934FC-EF79-4E3F-9483-573B7653D783}.Release|Any CPU.ActiveCfg = Release|Any CPU
		{11F934FC-EF79-4E3F-9483-573B7653D783}.Release|Any CPU.Build.0 = Release|Any CPU
		{02840CE5-3A2B-4DD3-A50F-8D9B9399B5DF}.Debug|Any CPU.ActiveCfg = Debug|Any CPU
		{02840CE5-3A2B-4DD3-A50F-8D9B9399B5DF}.Debug|Any CPU.Build.0 = Debug|Any CPU
		{02840CE5-3A2B-4DD3-A50F-8D9B9399B5DF}.Release|Any CPU.ActiveCfg = Release|Any CPU
		{02840CE5-3A2B-4DD3-A50F-8D9B9399B5DF}.Release|Any CPU.Build.0 = Release|Any CPU
		{4B88E449-00CB-4F78-996D-C3233F673464}.Debug|Any CPU.ActiveCfg = Debug|Any CPU
		{4B88E449-00CB-4F78-996D-C3233F673464}.Debug|Any CPU.Build.0 = Debug|Any CPU
		{4B88E449-00CB-4F78-996D-C3233F673464}.Release|Any CPU.ActiveCfg = Release|Any CPU
		{4B88E449-00CB-4F78-996D-C3233F673464}.Release|Any CPU.Build.0 = Release|Any CPU
		{5090AFC6-9822-443F-AA97-AA8F72025363}.Debug|Any CPU.ActiveCfg = Debug|Any CPU
		{5090AFC6-9822-443F-AA97-AA8F72025363}.Debug|Any CPU.Build.0 = Debug|Any CPU
		{5090AFC6-9822-443F-AA97-AA8F72025363}.Release|Any CPU.ActiveCfg = Release|Any CPU
		{5090AFC6-9822-443F-AA97-AA8F72025363}.Release|Any CPU.Build.0 = Release|Any CPU
		{B3BB9AB7-E01A-4035-8E09-115AA9BE47E4}.Debug|Any CPU.ActiveCfg = Debug|Any CPU
		{B3BB9AB7-E01A-4035-8E09-115AA9BE47E4}.Debug|Any CPU.Build.0 = Debug|Any CPU
		{B3BB9AB7-E01A-4035-8E09-115AA9BE47E4}.Release|Any CPU.ActiveCfg = Release|Any CPU
		{B3BB9AB7-E01A-4035-8E09-115AA9BE47E4}.Release|Any CPU.Build.0 = Release|Any CPU
		{30DE474B-C593-46F9-8947-A80C5E8892AD}.Debug|Any CPU.ActiveCfg = Debug|Any CPU
		{30DE474B-C593-46F9-8947-A80C5E8892AD}.Debug|Any CPU.Build.0 = Debug|Any CPU
		{30DE474B-C593-46F9-8947-A80C5E8892AD}.Release|Any CPU.ActiveCfg = Release|Any CPU
		{30DE474B-C593-46F9-8947-A80C5E8892AD}.Release|Any CPU.Build.0 = Release|Any CPU
	EndGlobalSection
	GlobalSection(SolutionProperties) = preSolution
		HideSolutionNode = FALSE
	EndGlobalSection
	GlobalSection(NestedProjects) = preSolution
		{0AE92882-C013-41B4-96D8-BE5A9793DBC8} = {2EDAB2AA-6836-41AD-9EB3-B4CD569893FB}
		{93B7C05D-0E5F-4F84-BC98-B67942E09D8E} = {2EDAB2AA-6836-41AD-9EB3-B4CD569893FB}
		{38BCFC38-8963-49C3-8934-2DC43CA4F1BE} = {2EDAB2AA-6836-41AD-9EB3-B4CD569893FB}
		{AF8F079E-E5E0-4AAE-B5EF-065BC120C05B} = {C72598F6-AF10-48B6-AB93-9EE8F13A2145}
		{CC1B24D1-D151-4173-836F-A28F55BB7B48} = {AF8F079E-E5E0-4AAE-B5EF-065BC120C05B}
		{AEF77B93-8AD3-4B13-AFB4-2217D905861E} = {AF8F079E-E5E0-4AAE-B5EF-065BC120C05B}
		{BC54ABF5-77CB-4663-AEC8-3D49F03079F9} = {AF8F079E-E5E0-4AAE-B5EF-065BC120C05B}
		{05EEAF30-545F-4521-A4E6-73B3C96F037B} = {AF8F079E-E5E0-4AAE-B5EF-065BC120C05B}
		{81AC3712-8649-413F-9246-0B7B999F1A0E} = {C72598F6-AF10-48B6-AB93-9EE8F13A2145}
		{02840CE5-3A2B-4DD3-A50F-8D9B9399B5DF} = {81AC3712-8649-413F-9246-0B7B999F1A0E}
		{4B88E449-00CB-4F78-996D-C3233F673464} = {81AC3712-8649-413F-9246-0B7B999F1A0E}
		{5090AFC6-9822-443F-AA97-AA8F72025363} = {81AC3712-8649-413F-9246-0B7B999F1A0E}
		{B3BB9AB7-E01A-4035-8E09-115AA9BE47E4} = {81AC3712-8649-413F-9246-0B7B999F1A0E}
		{30DE474B-C593-46F9-8947-A80C5E8892AD} = {2EDAB2AA-6836-41AD-9EB3-B4CD569893FB}
		{E845F85C-A2FA-4501-B00A-1FFA6141FB60} = {91A9F5B2-1427-4037-B23B-60434DC0A9AF}
		{0CE95B11-5BFB-4AE7-A2FE-D0F902A84500} = {91A9F5B2-1427-4037-B23B-60434DC0A9AF}
	EndGlobalSection
	GlobalSection(ExtensibilityGlobals) = postSolution
		SolutionGuid = {BAF82AE5-1415-445C-BC2A-2EC9EBA763CE}
	EndGlobalSection
EndGlobal
