
Microsoft Visual Studio Solution File, Format Version 12.00
# Visual Studio Version 17
VisualStudioVersion = 17.0.32126.317
MinimumVisualStudioVersion = 10.0.40219.1
Project("{2150E333-8FDC-42A3-9474-1A3956D46DE8}") = "00.Framework", "00.Framework", "{2EDAB2AA-6836-41AD-9EB3-B4CD569893FB}"
EndProject
Project("{9A19103F-16F7-4668-BE54-9A1E7A4F7556}") = "BL.Framework.Persistence.EntityFrameworkCore", "00.Framework\BL.Framework.Persistence.EntityFrameworkCore\BL.Framework.Persistence.EntityFrameworkCore.csproj", "{0AE92882-C013-41B4-96D8-BE5A9793DBC8}"
EndProject
Project("{9A19103F-16F7-4668-BE54-9A1E7A4F7556}") = "BL.Framework", "00.Framework\BL.Framework\BL.Framework.csproj", "{93B7C05D-0E5F-4F84-BC98-B67942E09D8E}"
EndProject
Project("{9A19103F-16F7-4668-BE54-9A1E7A4F7556}") = "BL.Framework.Core", "00.Framework\BL.Framework.Core\BL.Framework.Core.csproj", "{38BCFC38-8963-49C3-8934-2DC43CA4F1BE}"
EndProject
Project("{9A19103F-16F7-4668-BE54-9A1E7A4F7556}") = "BL.Framework.Persistence.MongoDB", "00.Framework\BL.Framework.Persistence.MongoDB\BL.Framework.Persistence.MongoDB.csproj", "{30DE474B-C593-46F9-8947-A80C5E8892AD}"
EndProject
Global
	GlobalSection(SolutionConfigurationPlatforms) = preSolution
		Debug|Any CPU = Debug|Any CPU
		Release|Any CPU = Release|Any CPU
	EndGlobalSection
	GlobalSection(ProjectConfigurationPlatforms) = postSolution
		{0AE92882-C013-41B4-96D8-BE5A9793DBC8}.Debug|Any CPU.ActiveCfg = Debug|Any CPU
		{0AE92882-C013-41B4-96D8-BE5A9793DBC8}.Debug|Any CPU.Build.0 = Debug|Any CPU
		{0AE92882-C013-41B4-96D8-BE5A9793DBC8}.Release|Any CPU.ActiveCfg = Release|Any CPU
		{0AE92882-C013-41B4-96D8-BE5A9793DBC8}.Release|Any CPU.Build.0 = Release|Any CPU
		{93B7C05D-0E5F-4F84-BC98-B67942E09D8E}.Debug|Any CPU.ActiveCfg = Debug|Any CPU
		{93B7C05D-0E5F-4F84-BC98-B67942E09D8E}.Debug|Any CPU.Build.0 = Debug|Any CPU
		{93B7C05D-0E5F-4F84-BC98-B67942E09D8E}.Release|Any CPU.ActiveCfg = Release|Any CPU
		{93B7C05D-0E5F-4F84-BC98-B67942E09D8E}.Release|Any CPU.Build.0 = Release|Any CPU
		{38BCFC38-8963-49C3-8934-2DC43CA4F1BE}.Debug|Any CPU.ActiveCfg = Debug|Any CPU
		{38BCFC38-8963-49C3-8934-2DC43CA4F1BE}.Debug|Any CPU.Build.0 = Debug|Any CPU
		{38BCFC38-8963-49C3-8934-2DC43CA4F1BE}.Release|Any CPU.ActiveCfg = Release|Any CPU
		{38BCFC38-8963-49C3-8934-2DC43CA4F1BE}.Release|Any CPU.Build.0 = Release|Any CPU
		{30DE474B-C593-46F9-8947-A80C5E8892AD}.Debug|Any CPU.ActiveCfg = Debug|Any CPU
		{30DE474B-C593-46F9-8947-A80C5E8892AD}.Debug|Any CPU.Build.0 = Debug|Any CPU
		{30DE474B-C593-46F9-8947-A80C5E8892AD}.Release|Any CPU.ActiveCfg = Release|Any CPU
		{30DE474B-C593-46F9-8947-A80C5E8892AD}.Release|Any CPU.Build.0 = Release|Any CPU
	EndGlobalSection
	GlobalSection(SolutionProperties) = preSolution
		HideSolutionNode = FALSE
	EndGlobalSection
	GlobalSection(NestedProjects) = preSolution
		{0AE92882-C013-41B4-96D8-BE5A9793DBC8} = {2EDAB2AA-6836-41AD-9EB3-B4CD569893FB}
		{93B7C05D-0E5F-4F84-BC98-B67942E09D8E} = {2EDAB2AA-6836-41AD-9EB3-B4CD569893FB}
		{38BCFC38-8963-49C3-8934-2DC43CA4F1BE} = {2EDAB2AA-6836-41AD-9EB3-B4CD569893FB}
		{30DE474B-C593-46F9-8947-A80C5E8892AD} = {2EDAB2AA-6836-41AD-9EB3-B4CD569893FB}
	EndGlobalSection
	GlobalSection(ExtensibilityGlobals) = postSolution
		SolutionGuid = {BAF82AE5-1415-445C-BC2A-2EC9EBA763CE}
	EndGlobalSection
EndGlobal
